
Microsoft Visual Studio Solution File, Format Version 11.00
# Visual Studio 2010
Project("{8BC9CEB8-8B4A-11D0-8D11-00A0C91BC942}") = "Graph_pyramids", "Graph_pyramids\Graph_pyramids.vcxproj", "{DA813375-F932-4F3F-853F-C8C8A111B26E}"
EndProject
Global
	GlobalSection(SolutionConfigurationPlatforms) = preSolution
		Debug|Win32 = Debug|Win32
		Release|Win32 = Release|Win32
	EndGlobalSection
	GlobalSection(ProjectConfigurationPlatforms) = postSolution
		{DA813375-F932-4F3F-853F-C8C8A111B26E}.Debug|Win32.ActiveCfg = Debug|Win32
		{DA813375-F932-4F3F-853F-C8C8A111B26E}.Debug|Win32.Build.0 = Debug|Win32
		{DA813375-F932-4F3F-853F-C8C8A111B26E}.Release|Win32.ActiveCfg = Release|Win32
		{DA813375-F932-4F3F-853F-C8C8A111B26E}.Release|Win32.Build.0 = Release|Win32
	EndGlobalSection
	GlobalSection(SolutionProperties) = preSolution
		HideSolutionNode = FALSE
	EndGlobalSection
EndGlobal
